
Microsoft Visual Studio Solution File, Format Version 12.00
# Visual Studio Version 17
VisualStudioVersion = 17.4.33213.308
MinimumVisualStudioVersion = 10.0.40219.1
Project("{FAE04EC0-301F-11D3-BF4B-00C04F79EFBC}") = "IsolatedFunctionSamples", "IsolatedFunctionSamples\IsolatedFunctionSamples.csproj", "{E488C12D-B8F3-411A-98A8-7CF0D90B3D57}"
EndProject
Global
	GlobalSection(SolutionConfigurationPlatforms) = preSolution
		Debug|Any CPU = Debug|Any CPU
		Release|Any CPU = Release|Any CPU
	EndGlobalSection
	GlobalSection(ProjectConfigurationPlatforms) = postSolution
		{E488C12D-B8F3-411A-98A8-7CF0D90B3D57}.Debug|Any CPU.ActiveCfg = Debug|Any CPU
		{E488C12D-B8F3-411A-98A8-7CF0D90B3D57}.Debug|Any CPU.Build.0 = Debug|Any CPU
		{E488C12D-B8F3-411A-98A8-7CF0D90B3D57}.Release|Any CPU.ActiveCfg = Release|Any CPU
		{E488C12D-B8F3-411A-98A8-7CF0D90B3D57}.Release|Any CPU.Build.0 = Release|Any CPU
	EndGlobalSection
	GlobalSection(SolutionProperties) = preSolution
		HideSolutionNode = FALSE
	EndGlobalSection
	GlobalSection(ExtensibilityGlobals) = postSolution
		SolutionGuid = {141B59C9-6994-4FBB-B13F-90A337F52185}
	EndGlobalSection
EndGlobal
